
Microsoft Visual Studio Solution File, Format Version 12.00
# Visual Studio 15
VisualStudioVersion = 15.0.28307.438
MinimumVisualStudioVersion = 10.0.40219.1
Project("{FAE04EC0-301F-11D3-BF4B-00C04F79EFBC}") = "SenderosMobile.Android", "SenderosMobile\SenderosMobile.Android\SenderosMobile.Android.csproj", "{E99A88F6-96D2-4B06-9A62-F31A887966F5}"
EndProject
Project("{FAE04EC0-301F-11D3-BF4B-00C04F79EFBC}") = "SenderosMobile.iOS", "SenderosMobile\SenderosMobile.iOS\SenderosMobile.iOS.csproj", "{D7AB8258-E589-4FCA-8EAD-5BAD68DDF684}"
EndProject
Project("{D954291E-2A0B-460D-934E-DC6B0785DB48}") = "SenderosMobile", "SenderosMobile\SenderosMobile\SenderosMobile.shproj", "{4B56DD9C-17DC-4319-B834-8292E6F92DEB}"
EndProject
Project("{FAE04EC0-301F-11D3-BF4B-00C04F79EFBC}") = "SenderosMobileLanguage", "SenderosMobileLanguage\SenderosMobileLanguage.csproj", "{FC898C4C-C3D3-4803-8D35-4B8C233C9B78}"
EndProject
Global
	GlobalSection(SharedMSBuildProjectFiles) = preSolution
		SenderosMobile\SenderosMobile\SenderosMobile.projitems*{4b56dd9c-17dc-4319-b834-8292e6f92deb}*SharedItemsImports = 13
		SenderosMobile\SenderosMobile\SenderosMobile.projitems*{d7ab8258-e589-4fca-8ead-5bad68ddf684}*SharedItemsImports = 4
		SenderosMobile\SenderosMobile\SenderosMobile.projitems*{e99a88f6-96d2-4b06-9a62-f31a887966f5}*SharedItemsImports = 4
	EndGlobalSection
	GlobalSection(SolutionConfigurationPlatforms) = preSolution
		Ad-Hoc|Any CPU = Ad-Hoc|Any CPU
		Ad-Hoc|iPhone = Ad-Hoc|iPhone
		Ad-Hoc|iPhoneSimulator = Ad-Hoc|iPhoneSimulator
		AppStore|Any CPU = AppStore|Any CPU
		AppStore|iPhone = AppStore|iPhone
		AppStore|iPhoneSimulator = AppStore|iPhoneSimulator
		Debug|Any CPU = Debug|Any CPU
		Debug|iPhone = Debug|iPhone
		Debug|iPhoneSimulator = Debug|iPhoneSimulator
		Release|Any CPU = Release|Any CPU
		Release|iPhone = Release|iPhone
		Release|iPhoneSimulator = Release|iPhoneSimulator
	EndGlobalSection
	GlobalSection(ProjectConfigurationPlatforms) = postSolution
		{E99A88F6-96D2-4B06-9A62-F31A887966F5}.Ad-Hoc|Any CPU.ActiveCfg = Release|Any CPU
		{E99A88F6-96D2-4B06-9A62-F31A887966F5}.Ad-Hoc|Any CPU.Build.0 = Release|Any CPU
		{E99A88F6-96D2-4B06-9A62-F31A887966F5}.Ad-Hoc|Any CPU.Deploy.0 = Release|Any CPU
		{E99A88F6-96D2-4B06-9A62-F31A887966F5}.Ad-Hoc|iPhone.ActiveCfg = Release|Any CPU
		{E99A88F6-96D2-4B06-9A62-F31A887966F5}.Ad-Hoc|iPhone.Build.0 = Release|Any CPU
		{E99A88F6-96D2-4B06-9A62-F31A887966F5}.Ad-Hoc|iPhone.Deploy.0 = Release|Any CPU
		{E99A88F6-96D2-4B06-9A62-F31A887966F5}.Ad-Hoc|iPhoneSimulator.ActiveCfg = Release|Any CPU
		{E99A88F6-96D2-4B06-9A62-F31A887966F5}.Ad-Hoc|iPhoneSimulator.Build.0 = Release|Any CPU
		{E99A88F6-96D2-4B06-9A62-F31A887966F5}.Ad-Hoc|iPhoneSimulator.Deploy.0 = Release|Any CPU
		{E99A88F6-96D2-4B06-9A62-F31A887966F5}.AppStore|Any CPU.ActiveCfg = Release|Any CPU
		{E99A88F6-96D2-4B06-9A62-F31A887966F5}.AppStore|Any CPU.Build.0 = Release|Any CPU
		{E99A88F6-96D2-4B06-9A62-F31A887966F5}.AppStore|Any CPU.Deploy.0 = Release|Any CPU
		{E99A88F6-96D2-4B06-9A62-F31A887966F5}.AppStore|iPhone.ActiveCfg = Release|Any CPU
		{E99A88F6-96D2-4B06-9A62-F31A887966F5}.AppStore|iPhone.Build.0 = Release|Any CPU
		{E99A88F6-96D2-4B06-9A62-F31A887966F5}.AppStore|iPhone.Deploy.0 = Release|Any CPU
		{E99A88F6-96D2-4B06-9A62-F31A887966F5}.AppStore|iPhoneSimulator.ActiveCfg = Release|Any CPU
		{E99A88F6-96D2-4B06-9A62-F31A887966F5}.AppStore|iPhoneSimulator.Build.0 = Release|Any CPU
		{E99A88F6-96D2-4B06-9A62-F31A887966F5}.AppStore|iPhoneSimulator.Deploy.0 = Release|Any CPU
		{E99A88F6-96D2-4B06-9A62-F31A887966F5}.Debug|Any CPU.ActiveCfg = Debug|Any CPU
		{E99A88F6-96D2-4B06-9A62-F31A887966F5}.Debug|Any CPU.Build.0 = Debug|Any CPU
		{E99A88F6-96D2-4B06-9A62-F31A887966F5}.Debug|Any CPU.Deploy.0 = Debug|Any CPU
		{E99A88F6-96D2-4B06-9A62-F31A887966F5}.Debug|iPhone.ActiveCfg = Debug|Any CPU
		{E99A88F6-96D2-4B06-9A62-F31A887966F5}.Debug|iPhone.Build.0 = Debug|Any CPU
		{E99A88F6-96D2-4B06-9A62-F31A887966F5}.Debug|iPhone.Deploy.0 = Debug|Any CPU
		{E99A88F6-96D2-4B06-9A62-F31A887966F5}.Debug|iPhoneSimulator.ActiveCfg = Debug|Any CPU
		{E99A88F6-96D2-4B06-9A62-F31A887966F5}.Debug|iPhoneSimulator.Build.0 = Debug|Any CPU
		{E99A88F6-96D2-4B06-9A62-F31A887966F5}.Debug|iPhoneSimulator.Deploy.0 = Debug|Any CPU
		{E99A88F6-96D2-4B06-9A62-F31A887966F5}.Release|Any CPU.ActiveCfg = Release|Any CPU
		{E99A88F6-96D2-4B06-9A62-F31A887966F5}.Release|Any CPU.Build.0 = Release|Any CPU
		{E99A88F6-96D2-4B06-9A62-F31A887966F5}.Release|Any CPU.Deploy.0 = Release|Any CPU
		{E99A88F6-96D2-4B06-9A62-F31A887966F5}.Release|iPhone.ActiveCfg = Release|Any CPU
		{E99A88F6-96D2-4B06-9A62-F31A887966F5}.Release|iPhone.Build.0 = Release|Any CPU
		{E99A88F6-96D2-4B06-9A62-F31A887966F5}.Release|iPhone.Deploy.0 = Release|Any CPU
		{E99A88F6-96D2-4B06-9A62-F31A887966F5}.Release|iPhoneSimulator.ActiveCfg = Release|Any CPU
		{E99A88F6-96D2-4B06-9A62-F31A887966F5}.Release|iPhoneSimulator.Build.0 = Release|Any CPU
		{E99A88F6-96D2-4B06-9A62-F31A887966F5}.Release|iPhoneSimulator.Deploy.0 = Release|Any CPU
		{D7AB8258-E589-4FCA-8EAD-5BAD68DDF684}.Ad-Hoc|Any CPU.ActiveCfg = Ad-Hoc|iPhone
		{D7AB8258-E589-4FCA-8EAD-5BAD68DDF684}.Ad-Hoc|Any CPU.Build.0 = Ad-Hoc|iPhone
		{D7AB8258-E589-4FCA-8EAD-5BAD68DDF684}.Ad-Hoc|Any CPU.Deploy.0 = Ad-Hoc|iPhone
		{D7AB8258-E589-4FCA-8EAD-5BAD68DDF684}.Ad-Hoc|iPhone.ActiveCfg = Ad-Hoc|iPhone
		{D7AB8258-E589-4FCA-8EAD-5BAD68DDF684}.Ad-Hoc|iPhone.Build.0 = Ad-Hoc|iPhone
		{D7AB8258-E589-4FCA-8EAD-5BAD68DDF684}.Ad-Hoc|iPhone.Deploy.0 = Ad-Hoc|iPhone
		{D7AB8258-E589-4FCA-8EAD-5BAD68DDF684}.Ad-Hoc|iPhoneSimulator.ActiveCfg = Ad-Hoc|iPhoneSimulator
		{D7AB8258-E589-4FCA-8EAD-5BAD68DDF684}.Ad-Hoc|iPhoneSimulator.Build.0 = Ad-Hoc|iPhoneSimulator
		{D7AB8258-E589-4FCA-8EAD-5BAD68DDF684}.Ad-Hoc|iPhoneSimulator.Deploy.0 = Ad-Hoc|iPhoneSimulator
		{D7AB8258-E589-4FCA-8EAD-5BAD68DDF684}.AppStore|Any CPU.ActiveCfg = AppStore|iPhone
		{D7AB8258-E589-4FCA-8EAD-5BAD68DDF684}.AppStore|Any CPU.Build.0 = AppStore|iPhone
		{D7AB8258-E589-4FCA-8EAD-5BAD68DDF684}.AppStore|Any CPU.Deploy.0 = AppStore|iPhone
		{D7AB8258-E589-4FCA-8EAD-5BAD68DDF684}.AppStore|iPhone.ActiveCfg = AppStore|iPhone
		{D7AB8258-E589-4FCA-8EAD-5BAD68DDF684}.AppStore|iPhone.Build.0 = AppStore|iPhone
		{D7AB8258-E589-4FCA-8EAD-5BAD68DDF684}.AppStore|iPhone.Deploy.0 = AppStore|iPhone
		{D7AB8258-E589-4FCA-8EAD-5BAD68DDF684}.AppStore|iPhoneSimulator.ActiveCfg = AppStore|iPhoneSimulator
		{D7AB8258-E589-4FCA-8EAD-5BAD68DDF684}.AppStore|iPhoneSimulator.Build.0 = AppStore|iPhoneSimulator
		{D7AB8258-E589-4FCA-8EAD-5BAD68DDF684}.AppStore|iPhoneSimulator.Deploy.0 = AppStore|iPhoneSimulator
		{D7AB8258-E589-4FCA-8EAD-5BAD68DDF684}.Debug|Any CPU.ActiveCfg = Debug|iPhoneSimulator
		{D7AB8258-E589-4FCA-8EAD-5BAD68DDF684}.Debug|Any CPU.Build.0 = Debug|iPhoneSimulator
		{D7AB8258-E589-4FCA-8EAD-5BAD68DDF684}.Debug|Any CPU.Deploy.0 = Debug|iPhoneSimulator
		{D7AB8258-E589-4FCA-8EAD-5BAD68DDF684}.Debug|iPhone.ActiveCfg = Debug|iPhone
		{D7AB8258-E589-4FCA-8EAD-5BAD68DDF684}.Debug|iPhone.Build.0 = Debug|iPhone
		{D7AB8258-E589-4FCA-8EAD-5BAD68DDF684}.Debug|iPhone.Deploy.0 = Debug|iPhone
		{D7AB8258-E589-4FCA-8EAD-5BAD68DDF684}.Debug|iPhoneSimulator.ActiveCfg = Debug|iPhoneSimulator
		{D7AB8258-E589-4FCA-8EAD-5BAD68DDF684}.Debug|iPhoneSimulator.Build.0 = Debug|iPhoneSimulator
		{D7AB8258-E589-4FCA-8EAD-5BAD68DDF684}.Debug|iPhoneSimulator.Deploy.0 = Debug|iPhoneSimulator
		{D7AB8258-E589-4FCA-8EAD-5BAD68DDF684}.Release|Any CPU.ActiveCfg = Release|iPhone
		{D7AB8258-E589-4FCA-8EAD-5BAD68DDF684}.Release|Any CPU.Build.0 = Release|iPhone
		{D7AB8258-E589-4FCA-8EAD-5BAD68DDF684}.Release|Any CPU.Deploy.0 = Release|iPhone
		{D7AB8258-E589-4FCA-8EAD-5BAD68DDF684}.Release|iPhone.ActiveCfg = Release|iPhone
		{D7AB8258-E589-4FCA-8EAD-5BAD68DDF684}.Release|iPhone.Build.0 = Release|iPhone
		{D7AB8258-E589-4FCA-8EAD-5BAD68DDF684}.Release|iPhone.Deploy.0 = Release|iPhone
		{D7AB8258-E589-4FCA-8EAD-5BAD68DDF684}.Release|iPhoneSimulator.ActiveCfg = Release|iPhoneSimulator
		{D7AB8258-E589-4FCA-8EAD-5BAD68DDF684}.Release|iPhoneSimulator.Build.0 = Release|iPhoneSimulator
		{D7AB8258-E589-4FCA-8EAD-5BAD68DDF684}.Release|iPhoneSimulator.Deploy.0 = Release|iPhoneSimulator
		{FC898C4C-C3D3-4803-8D35-4B8C233C9B78}.Ad-Hoc|Any CPU.ActiveCfg = Debug|Any CPU
		{FC898C4C-C3D3-4803-8D35-4B8C233C9B78}.Ad-Hoc|Any CPU.Build.0 = Debug|Any CPU
		{FC898C4C-C3D3-4803-8D35-4B8C233C9B78}.Ad-Hoc|iPhone.ActiveCfg = Debug|Any CPU
		{FC898C4C-C3D3-4803-8D35-4B8C233C9B78}.Ad-Hoc|iPhone.Build.0 = Debug|Any CPU
		{FC898C4C-C3D3-4803-8D35-4B8C233C9B78}.Ad-Hoc|iPhoneSimulator.ActiveCfg = Debug|Any CPU
		{FC898C4C-C3D3-4803-8D35-4B8C233C9B78}.Ad-Hoc|iPhoneSimulator.Build.0 = Debug|Any CPU
		{FC898C4C-C3D3-4803-8D35-4B8C233C9B78}.AppStore|Any CPU.ActiveCfg = Debug|Any CPU
		{FC898C4C-C3D3-4803-8D35-4B8C233C9B78}.AppStore|Any CPU.Build.0 = Debug|Any CPU
		{FC898C4C-C3D3-4803-8D35-4B8C233C9B78}.AppStore|iPhone.ActiveCfg = Debug|Any CPU
		{FC898C4C-C3D3-4803-8D35-4B8C233C9B78}.AppStore|iPhone.Build.0 = Debug|Any CPU
		{FC898C4C-C3D3-4803-8D35-4B8C233C9B78}.AppStore|iPhoneSimulator.ActiveCfg = Debug|Any CPU
		{FC898C4C-C3D3-4803-8D35-4B8C233C9B78}.AppStore|iPhoneSimulator.Build.0 = Debug|Any CPU
		{FC898C4C-C3D3-4803-8D35-4B8C233C9B78}.Debug|Any CPU.ActiveCfg = Debug|Any CPU
		{FC898C4C-C3D3-4803-8D35-4B8C233C9B78}.Debug|Any CPU.Build.0 = Debug|Any CPU
		{FC898C4C-C3D3-4803-8D35-4B8C233C9B78}.Debug|iPhone.ActiveCfg = Debug|Any CPU
		{FC898C4C-C3D3-4803-8D35-4B8C233C9B78}.Debug|iPhone.Build.0 = Debug|Any CPU
		{FC898C4C-C3D3-4803-8D35-4B8C233C9B78}.Debug|iPhoneSimulator.ActiveCfg = Debug|Any CPU
		{FC898C4C-C3D3-4803-8D35-4B8C233C9B78}.Debug|iPhoneSimulator.Build.0 = Debug|Any CPU
		{FC898C4C-C3D3-4803-8D35-4B8C233C9B78}.Release|Any CPU.ActiveCfg = Release|Any CPU
		{FC898C4C-C3D3-4803-8D35-4B8C233C9B78}.Release|Any CPU.Build.0 = Release|Any CPU
		{FC898C4C-C3D3-4803-8D35-4B8C233C9B78}.Release|iPhone.ActiveCfg = Release|Any CPU
		{FC898C4C-C3D3-4803-8D35-4B8C233C9B78}.Release|iPhone.Build.0 = Release|Any CPU
		{FC898C4C-C3D3-4803-8D35-4B8C233C9B78}.Release|iPhoneSimulator.ActiveCfg = Release|Any CPU
		{FC898C4C-C3D3-4803-8D35-4B8C233C9B78}.Release|iPhoneSimulator.Build.0 = Release|Any CPU
	EndGlobalSection
	GlobalSection(SolutionProperties) = preSolution
		HideSolutionNode = FALSE
	EndGlobalSection
	GlobalSection(ExtensibilityGlobals) = postSolution
		SolutionGuid = {166E45E2-CAC3-4063-91AC-678C8DECF38E}
	EndGlobalSection
EndGlobal
